
Microsoft Visual Studio Solution File, Format Version 12.00
# Visual Studio 14
VisualStudioVersion = 14.0.25420.1
MinimumVisualStudioVersion = 10.0.40219.1
Project("{FAE04EC0-301F-11D3-BF4B-00C04F79EFBC}") = "HongGia", "HongGia\HongGia.csproj", "{110836EE-D8A6-4782-8F3E-B158FE333C86}"
EndProject
Project("{FAE04EC0-301F-11D3-BF4B-00C04F79EFBC}") = "HongGia.Tests", "HongGia.Tests\HongGia.Tests.csproj", "{E2653272-1A6E-4896-9288-002953F2F86B}"
EndProject
Project("{FAE04EC0-301F-11D3-BF4B-00C04F79EFBC}") = "HongGia.Core", "HongGia.Core\HongGia.Core.csproj", "{B8FF1929-0075-42E4-92E7-DA72DDC6DDF3}"
EndProject
Global
	GlobalSection(SolutionConfigurationPlatforms) = preSolution
		Debug|Any CPU = Debug|Any CPU
		Release|Any CPU = Release|Any CPU
	EndGlobalSection
	GlobalSection(ProjectConfigurationPlatforms) = postSolution
		{110836EE-D8A6-4782-8F3E-B158FE333C86}.Debug|Any CPU.ActiveCfg = Debug|Any CPU
		{110836EE-D8A6-4782-8F3E-B158FE333C86}.Debug|Any CPU.Build.0 = Debug|Any CPU
		{110836EE-D8A6-4782-8F3E-B158FE333C86}.Release|Any CPU.ActiveCfg = Release|Any CPU
		{110836EE-D8A6-4782-8F3E-B158FE333C86}.Release|Any CPU.Build.0 = Release|Any CPU
		{E2653272-1A6E-4896-9288-002953F2F86B}.Debug|Any CPU.ActiveCfg = Debug|Any CPU
		{E2653272-1A6E-4896-9288-002953F2F86B}.Debug|Any CPU.Build.0 = Debug|Any CPU
		{E2653272-1A6E-4896-9288-002953F2F86B}.Release|Any CPU.ActiveCfg = Release|Any CPU
		{E2653272-1A6E-4896-9288-002953F2F86B}.Release|Any CPU.Build.0 = Release|Any CPU
		{B8FF1929-0075-42E4-92E7-DA72DDC6DDF3}.Debug|Any CPU.ActiveCfg = Debug|Any CPU
		{B8FF1929-0075-42E4-92E7-DA72DDC6DDF3}.Debug|Any CPU.Build.0 = Debug|Any CPU
		{B8FF1929-0075-42E4-92E7-DA72DDC6DDF3}.Release|Any CPU.ActiveCfg = Release|Any CPU
		{B8FF1929-0075-42E4-92E7-DA72DDC6DDF3}.Release|Any CPU.Build.0 = Release|Any CPU
	EndGlobalSection
	GlobalSection(SolutionProperties) = preSolution
		HideSolutionNode = FALSE
	EndGlobalSection
EndGlobal
